
Microsoft Visual Studio Solution File, Format Version 12.00
# Visual Studio Version 17
VisualStudioVersion = 17.0.31903.59
MinimumVisualStudioVersion = 10.0.40219.1
Project("{FAE04EC0-301F-11D3-BF4B-00C04F79EFBC}") = "Olive.Porcupine.Api", "Olive.Porcupine.Api\Olive.Porcupine.Api.csproj", "{527F19A4-D815-489D-80ED-8C4AD676C828}"
EndProject
Project("{FAE04EC0-301F-11D3-BF4B-00C04F79EFBC}") = "Olive.Porcupine.Domain", "Olive.Porcupine.Domain\Olive.Porcupine.Domain.csproj", "{A5D602C4-A366-4A68-A186-EE88CBE89F2B}"
EndProject
Project("{FAE04EC0-301F-11D3-BF4B-00C04F79EFBC}") = "Olive.Porcupine.Data", "Olive.Porcupine.Data\Olive.Porcupine.Data.csproj", "{12874E56-7F93-4738-9100-2E1F5865DE3C}"
EndProject
Project("{2150E333-8FDC-42A3-9474-1A3956D46DE8}") = "tests", "tests", "{C66D1CFB-6188-4827-86FF-1216B6BF4777}"
EndProject
Project("{FAE04EC0-301F-11D3-BF4B-00C04F79EFBC}") = "Olive.Porcupine.Domain.Tests", "tests\Olive.Porcupine.Domain.Tests\Olive.Porcupine.Domain.Tests.csproj", "{D0ECE70C-1330-4252-8B6C-06953A69F6FC}"
EndProject
Global
	GlobalSection(SolutionConfigurationPlatforms) = preSolution
		Debug|Any CPU = Debug|Any CPU
		Release|Any CPU = Release|Any CPU
	EndGlobalSection
	GlobalSection(SolutionProperties) = preSolution
		HideSolutionNode = FALSE
	EndGlobalSection
	GlobalSection(ProjectConfigurationPlatforms) = postSolution
		{527F19A4-D815-489D-80ED-8C4AD676C828}.Debug|Any CPU.ActiveCfg = Debug|Any CPU
		{527F19A4-D815-489D-80ED-8C4AD676C828}.Debug|Any CPU.Build.0 = Debug|Any CPU
		{527F19A4-D815-489D-80ED-8C4AD676C828}.Release|Any CPU.ActiveCfg = Release|Any CPU
		{527F19A4-D815-489D-80ED-8C4AD676C828}.Release|Any CPU.Build.0 = Release|Any CPU
		{A5D602C4-A366-4A68-A186-EE88CBE89F2B}.Debug|Any CPU.ActiveCfg = Debug|Any CPU
		{A5D602C4-A366-4A68-A186-EE88CBE89F2B}.Debug|Any CPU.Build.0 = Debug|Any CPU
		{A5D602C4-A366-4A68-A186-EE88CBE89F2B}.Release|Any CPU.ActiveCfg = Release|Any CPU
		{A5D602C4-A366-4A68-A186-EE88CBE89F2B}.Release|Any CPU.Build.0 = Release|Any CPU
		{12874E56-7F93-4738-9100-2E1F5865DE3C}.Debug|Any CPU.ActiveCfg = Debug|Any CPU
		{12874E56-7F93-4738-9100-2E1F5865DE3C}.Debug|Any CPU.Build.0 = Debug|Any CPU
		{12874E56-7F93-4738-9100-2E1F5865DE3C}.Release|Any CPU.ActiveCfg = Release|Any CPU
		{12874E56-7F93-4738-9100-2E1F5865DE3C}.Release|Any CPU.Build.0 = Release|Any CPU
		{D0ECE70C-1330-4252-8B6C-06953A69F6FC}.Debug|Any CPU.ActiveCfg = Debug|Any CPU
		{D0ECE70C-1330-4252-8B6C-06953A69F6FC}.Debug|Any CPU.Build.0 = Debug|Any CPU
		{D0ECE70C-1330-4252-8B6C-06953A69F6FC}.Release|Any CPU.ActiveCfg = Release|Any CPU
		{D0ECE70C-1330-4252-8B6C-06953A69F6FC}.Release|Any CPU.Build.0 = Release|Any CPU
	EndGlobalSection
	GlobalSection(NestedProjects) = preSolution
		{D0ECE70C-1330-4252-8B6C-06953A69F6FC} = {C66D1CFB-6188-4827-86FF-1216B6BF4777}
	EndGlobalSection
EndGlobal
