
Microsoft Visual Studio Solution File, Format Version 12.00
# Visual Studio Version 17
VisualStudioVersion = 17.0.31903.59
MinimumVisualStudioVersion = 10.0.40219.1
Project("{FAE04EC0-301F-11D3-BF4B-00C04F79EFBC}") = "Olive.Porcupine.Api", "Olive.Porcupine.Api\Olive.Porcupine.Api.csproj", "{C387D516-E4E8-4244-AF7E-34399428BE4E}"
EndProject
Project("{FAE04EC0-301F-11D3-BF4B-00C04F79EFBC}") = "Olive.Porcupine.Domain", "Olive.Porcupine.Domain\Olive.Porcupine.Domain.csproj", "{150B0F93-364E-4599-AB50-B46D38BFBA01}"
EndProject
Project("{FAE04EC0-301F-11D3-BF4B-00C04F79EFBC}") = "Olive.Porcupine.Data", "Olive.Porcupine.Data\Olive.Porcupine.Data.csproj", "{88CDB39E-7D14-4BD6-BDD2-0BA6248ACE3A}"
EndProject
Project("{2150E333-8FDC-42A3-9474-1A3956D46DE8}") = "tests", "tests", "{1F28DD37-9A59-4197-87C4-3A63E1F0A600}"
EndProject
Project("{FAE04EC0-301F-11D3-BF4B-00C04F79EFBC}") = "Olive.Porcupine.Domain.Tests", "tests\Olive.Porcupine.Domain.Tests\Olive.Porcupine.Domain.Tests.csproj", "{B19D8D33-FEE0-4968-8884-FFE10A70F629}"
EndProject
Global
	GlobalSection(SolutionConfigurationPlatforms) = preSolution
		Debug|Any CPU = Debug|Any CPU
		Release|Any CPU = Release|Any CPU
	EndGlobalSection
	GlobalSection(SolutionProperties) = preSolution
		HideSolutionNode = FALSE
	EndGlobalSection
	GlobalSection(ProjectConfigurationPlatforms) = postSolution
		{C387D516-E4E8-4244-AF7E-34399428BE4E}.Debug|Any CPU.ActiveCfg = Debug|Any CPU
		{C387D516-E4E8-4244-AF7E-34399428BE4E}.Debug|Any CPU.Build.0 = Debug|Any CPU
		{C387D516-E4E8-4244-AF7E-34399428BE4E}.Release|Any CPU.ActiveCfg = Release|Any CPU
		{C387D516-E4E8-4244-AF7E-34399428BE4E}.Release|Any CPU.Build.0 = Release|Any CPU
		{150B0F93-364E-4599-AB50-B46D38BFBA01}.Debug|Any CPU.ActiveCfg = Debug|Any CPU
		{150B0F93-364E-4599-AB50-B46D38BFBA01}.Debug|Any CPU.Build.0 = Debug|Any CPU
		{150B0F93-364E-4599-AB50-B46D38BFBA01}.Release|Any CPU.ActiveCfg = Release|Any CPU
		{150B0F93-364E-4599-AB50-B46D38BFBA01}.Release|Any CPU.Build.0 = Release|Any CPU
		{88CDB39E-7D14-4BD6-BDD2-0BA6248ACE3A}.Debug|Any CPU.ActiveCfg = Debug|Any CPU
		{88CDB39E-7D14-4BD6-BDD2-0BA6248ACE3A}.Debug|Any CPU.Build.0 = Debug|Any CPU
		{88CDB39E-7D14-4BD6-BDD2-0BA6248ACE3A}.Release|Any CPU.ActiveCfg = Release|Any CPU
		{88CDB39E-7D14-4BD6-BDD2-0BA6248ACE3A}.Release|Any CPU.Build.0 = Release|Any CPU
		{B19D8D33-FEE0-4968-8884-FFE10A70F629}.Debug|Any CPU.ActiveCfg = Debug|Any CPU
		{B19D8D33-FEE0-4968-8884-FFE10A70F629}.Debug|Any CPU.Build.0 = Debug|Any CPU
		{B19D8D33-FEE0-4968-8884-FFE10A70F629}.Release|Any CPU.ActiveCfg = Release|Any CPU
		{B19D8D33-FEE0-4968-8884-FFE10A70F629}.Release|Any CPU.Build.0 = Release|Any CPU
	EndGlobalSection
	GlobalSection(NestedProjects) = preSolution
		{B19D8D33-FEE0-4968-8884-FFE10A70F629} = {1F28DD37-9A59-4197-87C4-3A63E1F0A600}
	EndGlobalSection
EndGlobal
